# This file is generated by running "yarn install" inside your project.
# Manual changes might be lost - proceed with caution!

__metadata:
  version: 8
  cacheKey: 10c0

"balanced-match@npm:^1.0.0":
  version: 1.0.2
  resolution: "balanced-match@npm:1.0.2"
  checksum: 10c0/9308baf0a7e4838a82bbfd11e01b1cb0f0cf2893bc1676c27c2a8c0e70cbae1c59120c3268517a8ae7fb6376b4639ef81ca22582611dbee4ed28df945134aaee
  languageName: node
  linkType: hard

"bluebird@npm:^3.4.7, bluebird@npm:^3.7.2":
  version: 3.7.2
  resolution: "bluebird@npm:3.7.2"
  checksum: 10c0/680de03adc54ff925eaa6c7bb9a47a0690e8b5de60f4792604aae8ed618c65e6b63a7893b57ca924beaf53eee69c5af4f8314148c08124c550fe1df1add897d2
  languageName: node
  linkType: hard

"brace-expansion@npm:^1.1.7":
  version: 1.1.11
  resolution: "brace-expansion@npm:1.1.11"
  dependencies:
    balanced-match: "npm:^1.0.0"
    concat-map: "npm:0.0.1"
  checksum: 10c0/695a56cd058096a7cb71fb09d9d6a7070113c7be516699ed361317aca2ec169f618e28b8af352e02ab4233fb54eb0168460a40dc320bab0034b36ab59aaad668
  languageName: node
  linkType: hard

"brace-expansion@npm:^2.0.1":
  version: 2.0.1
  resolution: "brace-expansion@npm:2.0.1"
  dependencies:
    balanced-match: "npm:^1.0.0"
  checksum: 10c0/b358f2fe060e2d7a87aa015979ecea07f3c37d4018f8d6deb5bd4c229ad3a0384fe6029bb76cd8be63c81e516ee52d1a0673edbe2023d53a5191732ae3c3e49f
  languageName: node
  linkType: hard

"concat-map@npm:0.0.1":
  version: 0.0.1
  resolution: "concat-map@npm:0.0.1"
  checksum: 10c0/c996b1cfdf95b6c90fee4dae37e332c8b6eb7d106430c17d538034c0ad9a1630cb194d2ab37293b1bdd4d779494beee7786d586a50bd9376fd6f7bcc2bd4c98f
  languageName: node
  linkType: hard

"err-code@npm:^1.0.0":
  version: 1.1.2
  resolution: "err-code@npm:1.1.2"
  checksum: 10c0/c5c0daadf1f1fb6065e97f1f76d66a72a77d6b38e1e4069e170579ed4d99058acc6d61b9248e8fdd27a74a7f489eb3aa1e376f24342fd4b792b13fcc2065b2c3
  languageName: node
  linkType: hard

"extend@npm:^3.0.0":
  version: 3.0.2
  resolution: "extend@npm:3.0.2"
  checksum: 10c0/73bf6e27406e80aa3e85b0d1c4fd987261e628064e170ca781125c0b635a3dabad5e05adbf07595ea0cf1e6c5396cacb214af933da7cbaf24fe75ff14818e8f9
  languageName: node
  linkType: hard

"file-js@npm:0.3.0":
  version: 0.3.0
  resolution: "file-js@npm:0.3.0"
  dependencies:
    bluebird: "npm:^3.4.7"
    minimatch: "npm:^3.0.3"
    proper-lockfile: "npm:^1.2.0"
  checksum: 10c0/e61a3400ddd3f9002a1b46380f471893a71266e5edf56882f97e1931e2f125136001a9e9f92ae875beea83ba7dec4aa7068f6312edc35a490ca28985c95eba01
  languageName: node
  linkType: hard

"filehound@npm:^1.17.6":
  version: 1.17.6
  resolution: "filehound@npm:1.17.6"
  dependencies:
    bluebird: "npm:^3.7.2"
    file-js: "npm:0.3.0"
    lodash: "npm:^4.17.21"
    minimatch: "npm:^5.0.0"
    moment: "npm:^2.29.1"
    unit-compare: "npm:^1.0.1"
  checksum: 10c0/1af9714b709ddf51ee6bea875b62ca4d0d94cb12473e6226cf29c552f9ae1cce282b14782c96f6300fc1519a6f519d769e72a9d1952754e01b2bd94a66e70fe0
  languageName: node
  linkType: hard

"graceful-fs@npm:^4.1.2":
  version: 4.2.10
  resolution: "graceful-fs@npm:4.2.10"
  checksum: 10c0/4223a833e38e1d0d2aea630c2433cfb94ddc07dfc11d511dbd6be1d16688c5be848acc31f9a5d0d0ddbfb56d2ee5a6ae0278aceeb0ca6a13f27e06b9956fb952
  languageName: node
  linkType: hard

"lodash@npm:^4.17.21":
  version: 4.17.21
  resolution: "lodash@npm:4.17.21"
  checksum: 10c0/d8cbea072bb08655bb4c989da418994b073a608dffa608b09ac04b43a791b12aeae7cd7ad919aa4c925f33b48490b5cfe6c1f71d827956071dae2e7bb3a6b74c
  languageName: node
  linkType: hard

"minimatch@npm:^3.0.3":
  version: 3.1.2
  resolution: "minimatch@npm:3.1.2"
  dependencies:
    brace-expansion: "npm:^1.1.7"
  checksum: 10c0/0262810a8fc2e72cca45d6fd86bd349eee435eb95ac6aa45c9ea2180e7ee875ef44c32b55b5973ceabe95ea12682f6e3725cbb63d7a2d1da3ae1163c8b210311
  languageName: node
  linkType: hard

"minimatch@npm:^5.0.0":
  version: 5.1.2
  resolution: "minimatch@npm:5.1.2"
  dependencies:
    brace-expansion: "npm:^2.0.1"
  checksum: 10c0/1376e34455e8eb1a493ea648571a0c449b99c44753aa3a562204b68dfea3ebd40193b9132d67c0e4adddeb9311a53173252664aafeba6516e5101c99fb6d0171
  languageName: node
  linkType: hard

"moment@npm:^2.14.1, moment@npm:^2.29.1":
  version: 2.29.4
  resolution: "moment@npm:2.29.4"
  checksum: 10c0/844c6f3ce42862ac9467c8ca4f5e48a00750078682cc5bda1bc0e50cc7ca88e2115a0f932d65a06e4a90e26cb78892be9b3ca3dd6546ca2c4d994cebb787fc2b
  languageName: node
  linkType: hard

"prettier@npm:^3.3.2":
  version: 3.3.2
  resolution: "prettier@npm:3.3.2"
  bin:
    prettier: bin/prettier.cjs
  checksum: 10c0/39ed27d17f0238da6dd6571d63026566bd790d3d0edac57c285fbab525982060c8f1e01955fe38134ab10f0951a6076da37f015db8173c02f14bc7f0803a384c
  languageName: node
  linkType: hard

"proper-lockfile@npm:^1.2.0":
  version: 1.2.0
  resolution: "proper-lockfile@npm:1.2.0"
  dependencies:
    err-code: "npm:^1.0.0"
    extend: "npm:^3.0.0"
    graceful-fs: "npm:^4.1.2"
    retry: "npm:^0.10.0"
  checksum: 10c0/acb2cb1043d40b8fe2240ea49a6ad35081435e8a5ae5fd0ae2ec983058cf3634ec65b2eb8019121bcad80cf5d406e4b962b2842b343067311e9bb2231b0cb372
  languageName: node
  linkType: hard

"retry@npm:^0.10.0":
  version: 0.10.1
  resolution: "retry@npm:0.10.1"
  checksum: 10c0/d5a7cbc7eca5589a4cf048355150c6746965ace4193080c46b34fe92059506ce39887f5d2bbc58d1d14ecf3b53c5c86d01bd82d158eac9b58aa2f075c2ae7b21
  languageName: node
  linkType: hard

"unit-compare@npm:^1.0.1":
  version: 1.0.1
  resolution: "unit-compare@npm:1.0.1"
  dependencies:
    moment: "npm:^2.14.1"
  checksum: 10c0/d61b320dbff776592407a109521d17ecc0c0700ca0ddece98990a2ef87e457994613ecaa9fd608e18a4fdc3aad7b3aec66adafede30fbf38c354ea1860202d1d
  languageName: node
  linkType: hard

"webpack-permissions-plugin@workspace:.":
  version: 0.0.0-use.local
  resolution: "webpack-permissions-plugin@workspace:."
  dependencies:
    filehound: "npm:^1.17.6"
    prettier: "npm:^3.3.2"
  languageName: unknown
  linkType: soft
