# THIS IS AN AUTOGENERATED FILE. DO NOT EDIT THIS FILE DIRECTLY.
# yarn lockfile v1


balanced-match@^1.0.0:
  version "1.0.0"
  resolved "https://registry.yarnpkg.com/balanced-match/-/balanced-match-1.0.0.tgz#89b4d199ab2bee49de164ea02b89ce462d71b767"
  integrity sha1-ibTRmasr7kneFk6gK4nORi1xt2c=

bluebird@^3.4.7, bluebird@^3.5.1:
  version "3.7.2"
  resolved "https://registry.yarnpkg.com/bluebird/-/bluebird-3.7.2.tgz#9f229c15be272454ffa973ace0dbee79a1b0c36f"
  integrity sha512-XpNj6GDQzdfW+r2Wnn7xiSAd7TM3jzkxGXBGTtWKuSXv1xUV+azxAm8jdWZN06QTQk+2N2XB9jRDkvbmQmcRtg==

brace-expansion@^1.1.7:
  version "1.1.11"
  resolved "https://registry.yarnpkg.com/brace-expansion/-/brace-expansion-1.1.11.tgz#3c7fcbf529d87226f3d2f52b966ff5271eb441dd"
  integrity sha512-iCuPHDFgrHX7H2vEI/5xpz07zSHB00TpugqhmYtVmMO6518mCuRMoOYFldEBl0g187ufozdaHgWKcYFb61qGiA==
  dependencies:
    balanced-match "^1.0.0"
    concat-map "0.0.1"

concat-map@0.0.1:
  version "0.0.1"
  resolved "https://registry.yarnpkg.com/concat-map/-/concat-map-0.0.1.tgz#d8a96bd77fd68df7793a73036a3ba0d5405d477b"
  integrity sha1-2Klr13/Wjfd5OnMDajug1UBdR3s=

err-code@^1.0.0:
  version "1.1.2"
  resolved "https://registry.yarnpkg.com/err-code/-/err-code-1.1.2.tgz#06e0116d3028f6aef4806849eb0ea6a748ae6960"
  integrity sha1-BuARbTAo9q70gGhJ6w6mp0iuaWA=

extend@^3.0.0:
  version "3.0.2"
  resolved "https://registry.yarnpkg.com/extend/-/extend-3.0.2.tgz#f8b1136b4071fbd8eb140aff858b1019ec2915fa"
  integrity sha512-fjquC59cD7CyW6urNXK0FBufkZcoiGG80wTuPujX590cB5Ttln20E2UB4S/WARVqhXffZl2LNgS+gQdPIIim/g==

file-js@0.3.0:
  version "0.3.0"
  resolved "https://registry.yarnpkg.com/file-js/-/file-js-0.3.0.tgz#fab46bf782346c9294499f1f0d2ad07d838f25d1"
  integrity sha1-+rRr94I0bJKUSZ8fDSrQfYOPJdE=
  dependencies:
    bluebird "^3.4.7"
    minimatch "^3.0.3"
    proper-lockfile "^1.2.0"

filehound@^1.17.4:
  version "1.17.4"
  resolved "https://registry.yarnpkg.com/filehound/-/filehound-1.17.4.tgz#3f5b76c5b3edc1080311ba802e1ad43179e4291e"
  integrity sha512-A74hiTADH20bpFbXBNyKtpqN4Guffa+ROmdGJWNnuCRhaD45UVSVoI6McLcpHYmuaOERrzD3gMV3v9VZq/SHeA==
  dependencies:
    bluebird "^3.5.1"
    file-js "0.3.0"
    lodash "^4.17.10"
    minimatch "^3.0.4"
    moment "^2.22.1"
    unit-compare "^1.0.1"

graceful-fs@^4.1.2:
  version "4.2.4"
  resolved "https://registry.yarnpkg.com/graceful-fs/-/graceful-fs-4.2.4.tgz#2256bde14d3632958c465ebc96dc467ca07a29fb"
  integrity sha512-WjKPNJF79dtJAVniUlGGWHYGz2jWxT6VhN/4m1NdkbZ2nOsEF+cI1Edgql5zCRhs/VsQYRvrXctxktVXZUkixw==

lodash@^4.17.10:
  version "4.17.21"
  resolved "https://registry.yarnpkg.com/lodash/-/lodash-4.17.21.tgz#679591c564c3bffaae8454cf0b3df370c3d6911c"
  integrity sha512-v2kDEe57lecTulaDIuNTPy3Ry4gLGJ6Z1O3vE1krgXZNrsQ+LFTGHVxVjcXPs17LhbZVGedAJv8XZ1tvj5FvSg==

minimatch@^3.0.3, minimatch@^3.0.4:
  version "3.0.4"
  resolved "https://registry.yarnpkg.com/minimatch/-/minimatch-3.0.4.tgz#5166e286457f03306064be5497e8dbb0c3d32083"
  integrity sha512-yJHVQEhyqPLUTgt9B83PXu6W3rx4MvvHvSUvToogpwoGDOUQ+yDrR0HRot+yOCdCO7u4hX3pWft6kWBBcqh0UA==
  dependencies:
    brace-expansion "^1.1.7"

moment@^2.14.1, moment@^2.22.1:
  version "2.29.2"
  resolved "https://registry.yarnpkg.com/moment/-/moment-2.29.2.tgz#00910c60b20843bcba52d37d58c628b47b1f20e4"
  integrity sha512-UgzG4rvxYpN15jgCmVJwac49h9ly9NurikMWGPdVxm8GZD6XjkKPxDTjQQ43gtGgnV3X0cAyWDdP2Wexoquifg==

prettier@^2.2.1:
  version "2.2.1"
  resolved "https://registry.yarnpkg.com/prettier/-/prettier-2.2.1.tgz#795a1a78dd52f073da0cd42b21f9c91381923ff5"
  integrity sha512-PqyhM2yCjg/oKkFPtTGUojv7gnZAoG80ttl45O6x2Ug/rMJw4wcc9k6aaf2hibP7BGVCCM33gZoGjyvt9mm16Q==

proper-lockfile@^1.2.0:
  version "1.2.0"
  resolved "https://registry.yarnpkg.com/proper-lockfile/-/proper-lockfile-1.2.0.tgz#ceff5dd89d3e5f10fb75e1e8e76bc75801a59c34"
  integrity sha1-zv9d2J0+XxD7deHo52vHWAGlnDQ=
  dependencies:
    err-code "^1.0.0"
    extend "^3.0.0"
    graceful-fs "^4.1.2"
    retry "^0.10.0"

retry@^0.10.0:
  version "0.10.1"
  resolved "https://registry.yarnpkg.com/retry/-/retry-0.10.1.tgz#e76388d217992c252750241d3d3956fed98d8ff4"
  integrity sha1-52OI0heZLCUnUCQdPTlW/tmNj/Q=

unit-compare@^1.0.1:
  version "1.0.1"
  resolved "https://registry.yarnpkg.com/unit-compare/-/unit-compare-1.0.1.tgz#0c7459f0e5bf53637ea873ca3cee18de2eeca386"
  integrity sha1-DHRZ8OW/U2N+qHPKPO4Y3i7so4Y=
  dependencies:
    moment "^2.14.1"
